// !$*UTF8*$!
{
	archiveVersion = 1;
	classes = {
	};
	objectVersion = 50;
	objects = {

/* Begin PBXBuildFile section */
		B825A60C212DB8AE006FBDA8 /* AppDelegate.swift in Sources */ = {isa = PBXBuildFile; fileRef = B825A60B212DB8AE006FBDA8 /* AppDelegate.swift */; };
		B825A611212DB8AE006FBDA8 /* Main.storyboard in Resources */ = {isa = PBXBuildFile; fileRef = B825A60F212DB8AE006FBDA8 /* Main.storyboard */; };
		B825A613212DB8B0006FBDA8 /* Assets.xcassets in Resources */ = {isa = PBXBuildFile; fileRef = B825A612212DB8B0006FBDA8 /* Assets.xcassets */; };
		B825A616212DB8B0006FBDA8 /* LaunchScreen.storyboard in Resources */ = {isa = PBXBuildFile; fileRef = B825A614212DB8B0006FBDA8 /* LaunchScreen.storyboard */; };
		B825A621212DB8B0006FBDA8 /* douyuTests.swift in Sources */ = {isa = PBXBuildFile; fileRef = B825A620212DB8B0006FBDA8 /* douyuTests.swift */; };
		B825A62C212DB8B0006FBDA8 /* douyuUITests.swift in Sources */ = {isa = PBXBuildFile; fileRef = B825A62B212DB8B0006FBDA8 /* douyuUITests.swift */; };
/* End PBXBuildFile section */

/* Begin PBXContainerItemProxy section */
		B825A61D212DB8B0006FBDA8 /* PBXContainerItemProxy */ = {
			isa = PBXContainerItemProxy;
			containerPortal = B825A600212DB8AE006FBDA8 /* Project object */;
			proxyType = 1;
			remoteGlobalIDString = B825A607212DB8AE006FBDA8;
			remoteInfo = douyu;
		};
		B825A628212DB8B0006FBDA8 /* PBXContainerItemProxy */ = {
			isa = PBXContainerItemProxy;
			containerPortal = B825A600212DB8AE006FBDA8 /* Project object */;
			proxyType = 1;
			remoteGlobalIDString = B825A607212DB8AE006FBDA8;
			remoteInfo = douyu;
		};
/* End PBXContainerItemProxy section */

/* Begin PBXFileReference section */
		B825A608212DB8AE006FBDA8 /* douyu.app */ = {isa = PBXFileReference; explicitFileType = wrapper.application; includeInIndex = 0; path = douyu.app; sourceTree = BUILT_PRODUCTS_DIR; };
		B825A60B212DB8AE006FBDA8 /* AppDelegate.swift */ = {isa = PBXFileReference; lastKnownFileType = sourcecode.swift; path = AppDelegate.swift; sourceTree = "<group>"; };
		B825A610212DB8AE006FBDA8 /* Base */ = {isa = PBXFileReference; lastKnownFileType = file.storyboard; name = Base; path = Base.lproj/Main.storyboard; sourceTree = "<group>"; };
		B825A612212DB8B0006FBDA8 /* Assets.xcassets */ = {isa = PBXFileReference; lastKnownFileType = folder.assetcatalog; path = Assets.xcassets; sourceTree = "<group>"; };
		B825A615212DB8B0006FBDA8 /* Base */ = {isa = PBXFileReference; lastKnownFileType = file.storyboard; name = Base; path = Base.lproj/LaunchScreen.storyboard; sourceTree = "<group>"; };
		B825A617212DB8B0006FBDA8 /* Info.plist */ = {isa = PBXFileReference; lastKnownFileType = text.plist.xml; path = Info.plist; sourceTree = "<group>"; };
		B825A61C212DB8B0006FBDA8 /* douyuTests.xctest */ = {isa = PBXFileReference; explicitFileType = wrapper.cfbundle; includeInIndex = 0; path = douyuTests.xctest; sourceTree = BUILT_PRODUCTS_DIR; };
		B825A620212DB8B0006FBDA8 /* douyuTests.swift */ = {isa = PBXFileReference; lastKnownFileType = sourcecode.swift; path = douyuTests.swift; sourceTree = "<group>"; };
		B825A622212DB8B0006FBDA8 /* Info.plist */ = {isa = PBXFileReference; lastKnownFileType = text.plist.xml; path = Info.plist; sourceTree = "<group>"; };
		B825A627212DB8B0006FBDA8 /* douyuUITests.xctest */ = {isa = PBXFileReference; explicitFileType = wrapper.cfbundle; includeInIndex = 0; path = douyuUITests.xctest; sourceTree = BUILT_PRODUCTS_DIR; };
		B825A62B212DB8B0006FBDA8 /* douyuUITests.swift */ = {isa = PBXFileReference; lastKnownFileType = sourcecode.swift; path = douyuUITests.swift; sourceTree = "<group>"; };
		B825A62D212DB8B0006FBDA8 /* Info.plist */ = {isa = PBXFileReference; lastKnownFileType = text.plist.xml; path = Info.plist; sourceTree = "<group>"; };
/* End PBXFileReference section */

/* Begin PBXFrameworksBuildPhase section */
		B825A605212DB8AE006FBDA8 /* Frameworks */ = {
			isa = PBXFrameworksBuildPhase;
			buildActionMask = 2147483647;
			files = (
			);
			runOnlyForDeploymentPostprocessing = 0;
		};
		B825A619212DB8B0006FBDA8 /* Frameworks */ = {
			isa = PBXFrameworksBuildPhase;
			buildActionMask = 2147483647;
			files = (
			);
			runOnlyForDeploymentPostprocessing = 0;
		};
		B825A624212DB8B0006FBDA8 /* Frameworks */ = {
			isa = PBXFrameworksBuildPhase;
			buildActionMask = 2147483647;
			files = (
			);
			runOnlyForDeploymentPostprocessing = 0;
		};
/* End PBXFrameworksBuildPhase section */

/* Begin PBXGroup section */
		B825A5FF212DB8AE006FBDA8 = {
			isa = PBXGroup;
			children = (
				B825A60A212DB8AE006FBDA8 /* douyu */,
				B825A61F212DB8B0006FBDA8 /* douyuTests */,
				B825A62A212DB8B0006FBDA8 /* douyuUITests */,
				B825A609212DB8AE006FBDA8 /* Products */,
			);
			sourceTree = "<group>";
		};
		B825A609212DB8AE006FBDA8 /* Products */ = {
			isa = PBXGroup;
			children = (
				B825A608212DB8AE006FBDA8 /* douyu.app */,
				B825A61C212DB8B0006FBDA8 /* douyuTests.xctest */,
				B825A627212DB8B0006FBDA8 /* douyuUITests.xctest */,
			);
			name = Products;
			sourceTree = "<group>";
		};
		B825A60A212DB8AE006FBDA8 /* douyu */ = {
			isa = PBXGroup;
			children = (
				B8B14064212EF37900689C3B /* Classes */,
				B825A60B212DB8AE006FBDA8 /* AppDelegate.swift */,
				B825A60F212DB8AE006FBDA8 /* Main.storyboard */,
				B825A612212DB8B0006FBDA8 /* Assets.xcassets */,
				B825A614212DB8B0006FBDA8 /* LaunchScreen.storyboard */,
				B825A617212DB8B0006FBDA8 /* Info.plist */,
			);
			path = douyu;
			sourceTree = "<group>";
		};
		B825A61F212DB8B0006FBDA8 /* douyuTests */ = {
			isa = PBXGroup;
			children = (
				B825A620212DB8B0006FBDA8 /* douyuTests.swift */,
				B825A622212DB8B0006FBDA8 /* Info.plist */,
			);
			path = douyuTests;
			sourceTree = "<group>";
		};
		B825A62A212DB8B0006FBDA8 /* douyuUITests */ = {
			isa = PBXGroup;
			children = (
				B825A62B212DB8B0006FBDA8 /* douyuUITests.swift */,
				B825A62D212DB8B0006FBDA8 /* Info.plist */,
			);
			path = douyuUITests;
			sourceTree = "<group>";
		};
		B8B14064212EF37900689C3B /* Classes */ = {
			isa = PBXGroup;
			children = (
				B8B14065212EF37900689C3B /* Home */,
				B8B14066212EF37900689C3B /* Tools */,
				B8B14067212EF37900689C3B /* Follow */,
				B8B14068212EF37900689C3B /* Profile */,
				B8B14069212EF37900689C3B /* Live */,
				B8B1406A212EF37900689C3B /* Main */,
			);
			path = Classes;
			sourceTree = "<group>";
		};
		B8B14065212EF37900689C3B /* Home */ = {
			isa = PBXGroup;
			children = (
			);
			path = Home;
			sourceTree = "<group>";
		};
		B8B14066212EF37900689C3B /* Tools */ = {
			isa = PBXGroup;
			children = (
			);
			path = Tools;
			sourceTree = "<group>";
		};
		B8B14067212EF37900689C3B /* Follow */ = {
			isa = PBXGroup;
			children = (
			);
			path = Follow;
			sourceTree = "<group>";
		};
		B8B14068212EF37900689C3B /* Profile */ = {
			isa = PBXGroup;
			children = (
			);
			path = Profile;
			sourceTree = "<group>";
		};
		B8B14069212EF37900689C3B /* Live */ = {
			isa = PBXGroup;
			children = (
			);
			path = Live;
			sourceTree = "<group>";
		};
		B8B1406A212EF37900689C3B /* Main */ = {
			isa = PBXGroup;
			children = (
			);
			path = Main;
			sourceTree = "<group>";
		};
/* End PBXGroup section */

/* Begin PBXNativeTarget section */
		B825A607212DB8AE006FBDA8 /* douyu */ = {
			isa = PBXNativeTarget;
			buildConfigurationList = B825A630212DB8B0006FBDA8 /* Build configuration list for PBXNativeTarget "douyu" */;
			buildPhases = (
				B825A604212DB8AE006FBDA8 /* Sources */,
				B825A605212DB8AE006FBDA8 /* Frameworks */,
				B825A606212DB8AE006FBDA8 /* Resources */,
			);
			buildRules = (
			);
			dependencies = (
			);
			name = douyu;
			productName = douyu;
			productReference = B825A608212DB8AE006FBDA8 /* douyu.app */;
			productType = "com.apple.product-type.application";
		};
		B825A61B212DB8B0006FBDA8 /* douyuTests */ = {
			isa = PBXNativeTarget;
			buildConfigurationList = B825A633212DB8B0006FBDA8 /* Build configuration list for PBXNativeTarget "douyuTests" */;
			buildPhases = (
				B825A618212DB8B0006FBDA8 /* Sources */,
				B825A619212DB8B0006FBDA8 /* Frameworks */,
				B825A61A212DB8B0006FBDA8 /* Resources */,
			);
			buildRules = (
			);
			dependencies = (
				B825A61E212DB8B0006FBDA8 /* PBXTargetDependency */,
			);
			name = douyuTests;
			productName = douyuTests;
			productReference = B825A61C212DB8B0006FBDA8 /* douyuTests.xctest */;
			productType = "com.apple.product-type.bundle.unit-test";
		};
		B825A626212DB8B0006FBDA8 /* douyuUITests */ = {
			isa = PBXNativeTarget;
			buildConfigurationList = B825A636212DB8B0006FBDA8 /* Build configuration list for PBXNativeTarget "douyuUITests" */;
			buildPhases = (
				B825A623212DB8B0006FBDA8 /* Sources */,
				B825A624212DB8B0006FBDA8 /* Frameworks */,
				B825A625212DB8B0006FBDA8 /* Resources */,
			);
			buildRules = (
			);
			dependencies = (
				B825A629212DB8B0006FBDA8 /* PBXTargetDependency */,
			);
			name = douyuUITests;
			productName = douyuUITests;
			productReference = B825A627212DB8B0006FBDA8 /* douyuUITests.xctest */;
			productType = "com.apple.product-type.bundle.ui-testing";
		};
/* End PBXNativeTarget section */

/* Begin PBXProject section */
		B825A600212DB8AE006FBDA8 /* Project object */ = {
			isa = PBXProject;
			attributes = {
				LastSwiftUpdateCheck = 0940;
				LastUpgradeCheck = 0940;
				ORGANIZATIONNAME = "周会勤";
				TargetAttributes = {
					B825A607212DB8AE006FBDA8 = {
						CreatedOnToolsVersion = 9.4.1;
					};
					B825A61B212DB8B0006FBDA8 = {
						CreatedOnToolsVersion = 9.4.1;
						TestTargetID = B825A607212DB8AE006FBDA8;
					};
					B825A626212DB8B0006FBDA8 = {
						CreatedOnToolsVersion = 9.4.1;
						TestTargetID = B825A607212DB8AE006FBDA8;
					};
				};
			};
			buildConfigurationList = B825A603212DB8AE006FBDA8 /* Build configuration list for PBXProject "douyu" */;
			compatibilityVersion = "Xcode 9.3";
			developmentRegion = en;
			hasScannedForEncodings = 0;
			knownRegions = (
				en,
				Base,
			);
			mainGroup = B825A5FF212DB8AE006FBDA8;
			productRefGroup = B825A609212DB8AE006FBDA8 /* Products */;
			projectDirPath = "";
			projectRoot = "";
			targets = (
				B825A607212DB8AE006FBDA8 /* douyu */,
				B825A61B212DB8B0006FBDA8 /* douyuTests */,
				B825A626212DB8B0006FBDA8 /* douyuUITests */,
			);
		};
/* End PBXProject section */

/* Begin PBXResourcesBuildPhase section */
		B825A606212DB8AE006FBDA8 /* Resources */ = {
			isa = PBXResourcesBuildPhase;
			buildActionMask = 2147483647;
			files = (
				B825A616212DB8B0006FBDA8 /* LaunchScreen.storyboard in Resources */,
				B825A613212DB8B0006FBDA8 /* Assets.xcassets in Resources */,
				B825A611212DB8AE006FBDA8 /* Main.storyboard in Resources */,
			);
			runOnlyForDeploymentPostprocessing = 0;
		};
		B825A61A212DB8B0006FBDA8 /* Resources */ = {
			isa = PBXResourcesBuildPhase;
			buildActionMask = 2147483647;
			files = (
			);
			runOnlyForDeploymentPostprocessing = 0;
		};
		B825A625212DB8B0006FBDA8 /* Resources */ = {
			isa = PBXResourcesBuildPhase;
			buildActionMask = 2147483647;
			files = (
			);
			runOnlyForDeploymentPostprocessing = 0;
		};
/* End PBXResourcesBuildPhase section */

/* Begin PBXSourcesBuildPhase section */
		B825A604212DB8AE006FBDA8 /* Sources */ = {
			isa = PBXSourcesBuildPhase;
			buildActionMask = 2147483647;
			files = (
				B825A60C212DB8AE006FBDA8 /* AppDelegate.swift in Sources */,
			);
			runOnlyForDeploymentPostprocessing = 0;
		};
		B825A618212DB8B0006FBDA8 /* Sources */ = {
			isa = PBXSourcesBuildPhase;
			buildActionMask = 2147483647;
			files = (
				B825A621212DB8B0006FBDA8 /* douyuTests.swift in Sources */,
			);
			runOnlyForDeploymentPostprocessing = 0;
		};
		B825A623212DB8B0006FBDA8 /* Sources */ = {
			isa = PBXSourcesBuildPhase;
			buildActionMask = 2147483647;
			files = (
				B825A62C212DB8B0006FBDA8 /* douyuUITests.swift in Sources */,
			);
			runOnlyForDeploymentPostprocessing = 0;
		};
/* End PBXSourcesBuildPhase section */

/* Begin PBXTargetDependency section */
		B825A61E212DB8B0006FBDA8 /* PBXTargetDependency */ = {
			isa = PBXTargetDependency;
			target = B825A607212DB8AE006FBDA8 /* douyu */;
			targetProxy = B825A61D212DB8B0006FBDA8 /* PBXContainerItemProxy */;
		};
		B825A629212DB8B0006FBDA8 /* PBXTargetDependency */ = {
			isa = PBXTargetDependency;
			target = B825A607212DB8AE006FBDA8 /* douyu */;
			targetProxy = B825A628212DB8B0006FBDA8 /* PBXContainerItemProxy */;
		};
/* End PBXTargetDependency section */

/* Begin PBXVariantGroup section */
		B825A60F212DB8AE006FBDA8 /* Main.storyboard */ = {
			isa = PBXVariantGroup;
			children = (
				B825A610212DB8AE006FBDA8 /* Base */,
			);
			name = Main.storyboard;
			sourceTree = "<group>";
		};
		B825A614212DB8B0006FBDA8 /* LaunchScreen.storyboard */ = {
			isa = PBXVariantGroup;
			children = (
				B825A615212DB8B0006FBDA8 /* Base */,
			);
			name = LaunchScreen.storyboard;
			sourceTree = "<group>";
		};
/* End PBXVariantGroup section */

/* Begin XCBuildConfiguration section */
		B825A62E212DB8B0006FBDA8 /* Debug */ = {
			isa = XCBuildConfiguration;
			buildSettings = {
				ALWAYS_SEARCH_USER_PATHS = NO;
				CLANG_ANALYZER_NONNULL = YES;
				CLANG_ANALYZER_NUMBER_OBJECT_CONVERSION = YES_AGGRESSIVE;
				CLANG_CXX_LANGUAGE_STANDARD = "gnu++14";
				CLANG_CXX_LIBRARY = "libc++";
				CLANG_ENABLE_MODULES = YES;
				CLANG_ENABLE_OBJC_ARC = YES;
				CLANG_ENABLE_OBJC_WEAK = YES;
				CLANG_WARN_BLOCK_CAPTURE_AUTORELEASING = YES;
				CLANG_WARN_BOOL_CONVERSION = YES;
				CLANG_WARN_COMMA = YES;
				CLANG_WARN_CONSTANT_CONVERSION = YES;
				CLANG_WARN_DEPRECATED_OBJC_IMPLEMENTATIONS = YES;
				CLANG_WARN_DIRECT_OBJC_ISA_USAGE = YES_ERROR;
				CLANG_WARN_DOCUMENTATION_COMMENTS = YES;
				CLANG_WARN_EMPTY_BODY = YES;
				CLANG_WARN_ENUM_CONVERSION = YES;
				CLANG_WARN_INFINITE_RECURSION = YES;
				CLANG_WARN_INT_CONVERSION = YES;
				CLANG_WARN_NON_LITERAL_NULL_CONVERSION = YES;
				CLANG_WARN_OBJC_IMPLICIT_RETAIN_SELF = YES;
				CLANG_WARN_OBJC_LITERAL_CONVERSION = YES;
				CLANG_WARN_OBJC_ROOT_CLASS = YES_ERROR;
				CLANG_WARN_RANGE_LOOP_ANALYSIS = YES;
				CLANG_WARN_STRICT_PROTOTYPES = YES;
				CLANG_WARN_SUSPICIOUS_MOVE = YES;
				CLANG_WARN_UNGUARDED_AVAILABILITY = YES_AGGRESSIVE;
				CLANG_WARN_UNREACHABLE_CODE = YES;
				CLANG_WARN__DUPLICATE_METHOD_MATCH = YES;
				CODE_SIGN_IDENTITY = "iPhone Developer";
				COPY_PHASE_STRIP = NO;
				DEBUG_INFORMATION_FORMAT = dwarf;
				ENABLE_STRICT_OBJC_MSGSEND = YES;
				ENABLE_TESTABILITY = YES;
				GCC_C_LANGUAGE_STANDARD = gnu11;
				GCC_DYNAMIC_NO_PIC = NO;
				GCC_NO_COMMON_BLOCKS = YES;
				GCC_OPTIMIZATION_LEVEL = 0;
				GCC_PREPROCESSOR_DEFINITIONS = (
					"DEBUG=1",
					"$(inherited)",
				);
				GCC_WARN_64_TO_32_BIT_CONVERSION = YES;
				GCC_WARN_ABOUT_RETURN_TYPE = YES_ERROR;
				GCC_WARN_UNDECLARED_SELECTOR = YES;
				GCC_WARN_UNINITIALIZED_AUTOS = YES_AGGRESSIVE;
				GCC_WARN_UNUSED_FUNCTION = YES;
				GCC_WARN_UNUSED_VARIABLE = YES;
				IPHONEOS_DEPLOYMENT_TARGET = 11.4;
				MTL_ENABLE_DEBUG_INFO = YES;
				ONLY_ACTIVE_ARCH = YES;
				SDKROOT = iphoneos;
				SWIFT_ACTIVE_COMPILATION_CONDITIONS = DEBUG;
				SWIFT_OPTIMIZATION_LEVEL = "-Onone";
			};
			name = Debug;
		};
		B825A62F212DB8B0006FBDA8 /* Release */ = {
			isa = XCBuildConfiguration;
			buildSettings = {
				ALWAYS_SEARCH_USER_PATHS = NO;
				CLANG_ANALYZER_NONNULL = YES;
				CLANG_ANALYZER_NUMBER_OBJECT_CONVERSION = YES_AGGRESSIVE;
				CLANG_CXX_LANGUAGE_STANDARD = "gnu++14";
				CLANG_CXX_LIBRARY = "libc++";
				CLANG_ENABLE_MODULES = YES;
				CLANG_ENABLE_OBJC_ARC = YES;
				CLANG_ENABLE_OBJC_WEAK = YES;
				CLANG_WARN_BLOCK_CAPTURE_AUTORELEASING = YES;
				CLANG_WARN_BOOL_CONVERSION = YES;
				CLANG_WARN_COMMA = YES;
				CLANG_WARN_CONSTANT_CONVERSION = YES;
				CLANG_WARN_DEPRECATED_OBJC_IMPLEMENTATIONS = YES;
				CLANG_WARN_DIRECT_OBJC_ISA_USAGE = YES_ERROR;
				CLANG_WARN_DOCUMENTATION_COMMENTS = YES;
				CLANG_WARN_EMPTY_BODY = YES;
				CLANG_WARN_ENUM_CONVERSION = YES;
				CLANG_WARN_INFINITE_RECURSION = YES;
				CLANG_WARN_INT_CONVERSION = YES;
				CLANG_WARN_NON_LITERAL_NULL_CONVERSION = YES;
				CLANG_WARN_OBJC_IMPLICIT_RETAIN_SELF = YES;
				CLANG_WARN_OBJC_LITERAL_CONVERSION = YES;
				CLANG_WARN_OBJC_ROOT_CLASS = YES_ERROR;
				CLANG_WARN_RANGE_LOOP_ANALYSIS = YES;
				CLANG_WARN_STRICT_PROTOTYPES = YES;
				CLANG_WARN_SUSPICIOUS_MOVE = YES;
				CLANG_WARN_UNGUARDED_AVAILABILITY = YES_AGGRESSIVE;
				CLANG_WARN_UNREACHABLE_CODE = YES;
				CLANG_WARN__DUPLICATE_METHOD_MATCH = YES;
				CODE_SIGN_IDENTITY = "iPhone Developer";
				COPY_PHASE_STRIP = NO;
				DEBUG_INFORMATION_FORMAT = "dwarf-with-dsym";
				ENABLE_NS_ASSERTIONS = NO;
				ENABLE_STRICT_OBJC_MSGSEND = YES;
				GCC_C_LANGUAGE_STANDARD = gnu11;
				GCC_NO_COMMON_BLOCKS = YES;
				GCC_WARN_64_TO_32_BIT_CONVERSION = YES;
				GCC_WARN_ABOUT_RETURN_TYPE = YES_ERROR;
				GCC_WARN_UNDECLARED_SELECTOR = YES;
				GCC_WARN_UNINITIALIZED_AUTOS = YES_AGGRESSIVE;
				GCC_WARN_UNUSED_FUNCTION = YES;
				GCC_WARN_UNUSED_VARIABLE = YES;
				IPHONEOS_DEPLOYMENT_TARGET = 11.4;
				MTL_ENABLE_DEBUG_INFO = NO;
				SDKROOT = iphoneos;
				SWIFT_COMPILATION_MODE = wholemodule;
				SWIFT_OPTIMIZATION_LEVEL = "-O";
				VALIDATE_PRODUCT = YES;
			};
			name = Release;
		};
		B825A631212DB8B0006FBDA8 /* Debug */ = {
			isa = XCBuildConfiguration;
			buildSettings = {
				ASSETCATALOG_COMPILER_APPICON_NAME = AppIcon;
				ASSETCATALOG_COMPILER_LAUNCHIMAGE_NAME = LaunchImage;
				CODE_SIGN_STYLE = Automatic;
				DEVELOPMENT_TEAM = BK89W5E6KP;
				INFOPLIST_FILE = douyu/Info.plist;
				IPHONEOS_DEPLOYMENT_TARGET = 9.0;
				LD_RUNPATH_SEARCH_PATHS = (
					"$(inherited)",
					"@executable_path/Frameworks",
				);
				PRODUCT_BUNDLE_IDENTIFIER = cc.bluecode.douyu;
				PRODUCT_NAME = "$(TARGET_NAME)";
				SWIFT_VERSION = 4.0;
				TARGETED_DEVICE_FAMILY = 1;
			};
			name = Debug;
		};
		B825A632212DB8B0006FBDA8 /* Release */ = {
			isa = XCBuildConfiguration;
			buildSettings = {
				ASSETCATALOG_COMPILER_APPICON_NAME = AppIcon;
				ASSETCATALOG_COMPILER_LAUNCHIMAGE_NAME = LaunchImage;
				CODE_SIGN_STYLE = Automatic;
				DEVELOPMENT_TEAM = BK89W5E6KP;
				INFOPLIST_FILE = douyu/Info.plist;
				IPHONEOS_DEPLOYMENT_TARGET = 9.0;
				LD_RUNPATH_SEARCH_PATHS = (
					"$(inherited)",
					"@executable_path/Frameworks",
				);
				PRODUCT_BUNDLE_IDENTIFIER = cc.bluecode.douyu;
				PRODUCT_NAME = "$(TARGET_NAME)";
				SWIFT_VERSION = 4.0;
				TARGETED_DEVICE_FAMILY = 1;
			};
			name = Release;
		};
		B825A634212DB8B0006FBDA8 /* Debug */ = {
			isa = XCBuildConfiguration;
			buildSettings = {
				ALWAYS_EMBED_SWIFT_STANDARD_LIBRARIES = YES;
				BUNDLE_LOADER = "$(TEST_HOST)";
				CODE_SIGN_STYLE = Automatic;
				DEVELOPMENT_TEAM = BK89W5E6KP;
				INFOPLIST_FILE = douyuTests/Info.plist;
				LD_RUNPATH_SEARCH_PATHS = (
					"$(inherited)",
					"@executable_path/Frameworks",
					"@loader_path/Frameworks",
				);
				PRODUCT_BUNDLE_IDENTIFIER = cc.bluecode.douyuTests;
				PRODUCT_NAME = "$(TARGET_NAME)";
				SWIFT_VERSION = 4.0;
				TARGETED_DEVICE_FAMILY = "1,2";
				TEST_HOST = "$(BUILT_PRODUCTS_DIR)/douyu.app/douyu";
			};
			name = Debug;
		};
		B825A635212DB8B0006FBDA8 /* Release */ = {
			isa = XCBuildConfiguration;
			buildSettings = {
				ALWAYS_EMBED_SWIFT_STANDARD_LIBRARIES = YES;
				BUNDLE_LOADER = "$(TEST_HOST)";
				CODE_SIGN_STYLE = Automatic;
				DEVELOPMENT_TEAM = BK89W5E6KP;
				INFOPLIST_FILE = douyuTests/Info.plist;
				LD_RUNPATH_SEARCH_PATHS = (
					"$(inherited)",
					"@executable_path/Frameworks",
					"@loader_path/Frameworks",
				);
				PRODUCT_BUNDLE_IDENTIFIER = cc.bluecode.douyuTests;
				PRODUCT_NAME = "$(TARGET_NAME)";
				SWIFT_VERSION = 4.0;
				TARGETED_DEVICE_FAMILY = "1,2";
				TEST_HOST = "$(BUILT_PRODUCTS_DIR)/douyu.app/douyu";
			};
			name = Release;
		};
		B825A637212DB8B0006FBDA8 /* Debug */ = {
			isa = XCBuildConfiguration;
			buildSettings = {
				ALWAYS_EMBED_SWIFT_STANDARD_LIBRARIES = YES;
				CODE_SIGN_STYLE = Automatic;
				DEVELOPMENT_TEAM = BK89W5E6KP;
				INFOPLIST_FILE = douyuUITests/Info.plist;
				LD_RUNPATH_SEARCH_PATHS = (
					"$(inherited)",
					"@executable_path/Frameworks",
					"@loader_path/Frameworks",
				);
				PRODUCT_BUNDLE_IDENTIFIER = cc.bluecode.douyuUITests;
				PRODUCT_NAME = "$(TARGET_NAME)";
				SWIFT_VERSION = 4.0;
				TARGETED_DEVICE_FAMILY = "1,2";
				TEST_TARGET_NAME = douyu;
			};
			name = Debug;
		};
		B825A638212DB8B0006FBDA8 /* Release */ = {
			isa = XCBuildConfiguration;
			buildSettings = {
				ALWAYS_EMBED_SWIFT_STANDARD_LIBRARIES = YES;
				CODE_SIGN_STYLE = Automatic;
				DEVELOPMENT_TEAM = BK89W5E6KP;
				INFOPLIST_FILE = douyuUITests/Info.plist;
				LD_RUNPATH_SEARCH_PATHS = (
					"$(inherited)",
					"@executable_path/Frameworks",
					"@loader_path/Frameworks",
				);
				PRODUCT_BUNDLE_IDENTIFIER = cc.bluecode.douyuUITests;
				PRODUCT_NAME = "$(TARGET_NAME)";
				SWIFT_VERSION = 4.0;
				TARGETED_DEVICE_FAMILY = "1,2";
				TEST_TARGET_NAME = douyu;
			};
			name = Release;
		};
/* End XCBuildConfiguration section */

/* Begin XCConfigurationList section */
		B825A603212DB8AE006FBDA8 /* Build configuration list for PBXProject "douyu" */ = {
			isa = XCConfigurationList;
			buildConfigurations = (
				B825A62E212DB8B0006FBDA8 /* Debug */,
				B825A62F212DB8B0006FBDA8 /* Release */,
			);
			defaultConfigurationIsVisible = 0;
			defaultConfigurationName = Release;
		};
		B825A630212DB8B0006FBDA8 /* Build configuration list for PBXNativeTarget "douyu" */ = {
			isa = XCConfigurationList;
			buildConfigurations = (
				B825A631212DB8B0006FBDA8 /* Debug */,
				B825A632212DB8B0006FBDA8 /* Release */,
			);
			defaultConfigurationIsVisible = 0;
			defaultConfigurationName = Release;
		};
		B825A633212DB8B0006FBDA8 /* Build configuration list for PBXNativeTarget "douyuTests" */ = {
			isa = XCConfigurationList;
			buildConfigurations = (
				B825A634212DB8B0006FBDA8 /* Debug */,
				B825A635212DB8B0006FBDA8 /* Release */,
			);
			defaultConfigurationIsVisible = 0;
			defaultConfigurationName = Release;
		};
		B825A636212DB8B0006FBDA8 /* Build configuration list for PBXNativeTarget "douyuUITests" */ = {
			isa = XCConfigurationList;
			buildConfigurations = (
				B825A637212DB8B0006FBDA8 /* Debug */,
				B825A638212DB8B0006FBDA8 /* Release */,
			);
			defaultConfigurationIsVisible = 0;
			defaultConfigurationName = Release;
		};
/* End XCConfigurationList section */
	};
	rootObject = B825A600212DB8AE006FBDA8 /* Project object */;
}
